PODS:
  - Realm (10.30.0):
    - Realm/Headers (= 10.30.0)
  - Realm/Headers (10.30.0)
  - RealmSwift (10.30.0):
    - Realm (= 10.30.0)
  - SwipeCellKit (2.7.1)

DEPENDENCIES:
  - RealmSwift (~> 10)
  - SwipeCellKit

SPEC REPOS:
  trunk:
    - Realm
    - RealmSwift
    - SwipeCellKit

SPEC CHECKSUMS:
  Realm: 247ccacf72e656c6ee09b242f7d24d5cf99cc058
  RealmSwift: b3f5c52afa6ac480bd9c3e791c2576f55b3ecb44
  SwipeCellKit: 3972254a826da74609926daf59b08d6c72e619ea

PODFILE CHECKSUM: 7d577c7a1cb93b90f5980f54e70b926931a853f2

COCOAPODS: 1.11.2
