// !$*UTF8*$!
{
	archiveVersion = 1;
	classes = {
	};
	objectVersion = 55;
	objects = {

/* Begin PBXBuildFile section */
		A507ED0329A6A98D00989783 /* MSWishlistCell.swift in Sources */ = {isa = PBXBuildFile; fileRef = A507ED0229A6A98D00989783 /* MSWishlistCell.swift */; };
		A507ED0529A6AC2B00989783 /* MSLikedProduct.swift in Sources */ = {isa = PBXBuildFile; fileRef = A507ED0429A6AC2B00989783 /* MSLikedProduct.swift */; };
		A513D8B4299167D5004F8A31 /* MSOffersHeaderViewCell.swift in Sources */ = {isa = PBXBuildFile; fileRef = A513D8B3299167D5004F8A31 /* MSOffersHeaderViewCell.swift */; };
		A5173FD5299965D000430E68 /* MSSearchTableViewController.swift in Sources */ = {isa = PBXBuildFile; fileRef = A5173FD4299965D000430E68 /* MSSearchTableViewController.swift */; };
		A5173FD72999702F00430E68 /* MSSearchTableViewCell.swift in Sources */ = {isa = PBXBuildFile; fileRef = A5173FD62999702F00430E68 /* MSSearchTableViewCell.swift */; };
		A52DB359299518F700530DE3 /* MSProductDetailViewController.swift in Sources */ = {isa = PBXBuildFile; fileRef = A52DB358299518F700530DE3 /* MSProductDetailViewController.swift */; };
		A52DB35D29951C4D00530DE3 /* MSProductDetailsView.swift in Sources */ = {isa = PBXBuildFile; fileRef = A52DB35C29951C4D00530DE3 /* MSProductDetailsView.swift */; };
		A52DB35F2995204C00530DE3 /* MSProductDetailsViewModel.swift in Sources */ = {isa = PBXBuildFile; fileRef = A52DB35E2995204C00530DE3 /* MSProductDetailsViewModel.swift */; };
		A5466D23299BC3CB00E3152E /* MSImageLoader.swift in Sources */ = {isa = PBXBuildFile; fileRef = A5466D22299BC3CB00E3152E /* MSImageLoader.swift */; };
		A5466D25299BC7BE00E3152E /* MSImageForCellViewModel.swift in Sources */ = {isa = PBXBuildFile; fileRef = A5466D24299BC7BE00E3152E /* MSImageForCellViewModel.swift */; };
		A55AA16229AA3D6D000B14EF /* MSLikedProductCell.swift in Sources */ = {isa = PBXBuildFile; fileRef = A55AA16129AA3D6D000B14EF /* MSLikedProductCell.swift */; };
		A55E5001298D46C90050CBD6 /* MSCategoryViewController.swift in Sources */ = {isa = PBXBuildFile; fileRef = A55E5000298D46C80050CBD6 /* MSCategoryViewController.swift */; };
		A567EAC22997B3D4005945A7 /* MSSectionBackground.swift in Sources */ = {isa = PBXBuildFile; fileRef = A567EAC12997B3D4005945A7 /* MSSectionBackground.swift */; };
		A567EAC42997B765005945A7 /* MSProductGalleryCollectionViewCell.swift in Sources */ = {isa = PBXBuildFile; fileRef = A567EAC32997B765005945A7 /* MSProductGalleryCollectionViewCell.swift */; };
		A567EAC82997CE41005945A7 /* MSProductInfoCollectionViewCell.swift in Sources */ = {isa = PBXBuildFile; fileRef = A567EAC72997CE41005945A7 /* MSProductInfoCollectionViewCell.swift */; };
		A573FE9F298BDEF0003488C0 /* MSCatalogView.swift in Sources */ = {isa = PBXBuildFile; fileRef = A573FE9E298BDEEF003488C0 /* MSCatalogView.swift */; };
		A573FEA1298BDF1A003488C0 /* MSCatalogViewModel.swift in Sources */ = {isa = PBXBuildFile; fileRef = A573FEA0298BDF1A003488C0 /* MSCatalogViewModel.swift */; };
		A573FEA3298BDFCB003488C0 /* Extensions.swift in Sources */ = {isa = PBXBuildFile; fileRef = A573FEA2298BDFCB003488C0 /* Extensions.swift */; };
		A573FEA5298BED5D003488C0 /* MSPromoCollectionViewCell.swift in Sources */ = {isa = PBXBuildFile; fileRef = A573FEA4298BED5D003488C0 /* MSPromoCollectionViewCell.swift */; };
		A573FEAB298C0089003488C0 /* MSCategoriesCollectionViewCell.swift in Sources */ = {isa = PBXBuildFile; fileRef = A573FEAA298C0089003488C0 /* MSCategoriesCollectionViewCell.swift */; };
		A573FEAD298C0282003488C0 /* MSCategoriesCollectionViewCellViewModel.swift in Sources */ = {isa = PBXBuildFile; fileRef = A573FEAC298C0282003488C0 /* MSCategoriesCollectionViewCellViewModel.swift */; };
		A573FEAF298C2B79003488C0 /* AssetPicsStrings.swift in Sources */ = {isa = PBXBuildFile; fileRef = A573FEAE298C2B79003488C0 /* AssetPicsStrings.swift */; };
		A5759518299FB74000612BA2 /* MSCartView.swift in Sources */ = {isa = PBXBuildFile; fileRef = A5759517299FB74000612BA2 /* MSCartView.swift */; };
		A575951A299FBADC00612BA2 /* MSCartViewModel.swift in Sources */ = {isa = PBXBuildFile; fileRef = A5759519299FBADC00612BA2 /* MSCartViewModel.swift */; };
		A575951C299FBD5C00612BA2 /* MSCartTableViewCell.swift in Sources */ = {isa = PBXBuildFile; fileRef = A575951B299FBD5C00612BA2 /* MSCartTableViewCell.swift */; };
		A57B57DD29B0CB2500A8666A /* MSConfirmOrderView.swift in Sources */ = {isa = PBXBuildFile; fileRef = A57B57DC29B0CB2500A8666A /* MSConfirmOrderView.swift */; };
		A57B57DF29B0CCCC00A8666A /* MSConfirmOrderProductCell.swift in Sources */ = {isa = PBXBuildFile; fileRef = A57B57DE29B0CCCC00A8666A /* MSConfirmOrderProductCell.swift */; };
		A57B57E129B0CD5300A8666A /* MSConfirmOrderTotalCell.swift in Sources */ = {isa = PBXBuildFile; fileRef = A57B57E029B0CD5300A8666A /* MSConfirmOrderTotalCell.swift */; };
		A57B57E329B0CF1700A8666A /* MSConfirmOrderDeliveryCell.swift in Sources */ = {isa = PBXBuildFile; fileRef = A57B57E229B0CF1700A8666A /* MSConfirmOrderDeliveryCell.swift */; };
		A57B57E529B0CF8B00A8666A /* MSConfirmOrderPayCell.swift in Sources */ = {isa = PBXBuildFile; fileRef = A57B57E429B0CF8B00A8666A /* MSConfirmOrderPayCell.swift */; };
		A590AA582992FF1F00212C88 /* MSCategoryViewViewModel.swift in Sources */ = {isa = PBXBuildFile; fileRef = A590AA572992FF1F00212C88 /* MSCategoryViewViewModel.swift */; };
		A590AA5A2993C80600212C88 /* MSCategoryCollectionViewCellViewModel.swift in Sources */ = {isa = PBXBuildFile; fileRef = A590AA592993C80600212C88 /* MSCategoryCollectionViewCellViewModel.swift */; };
		A590AA5C2993CF0300212C88 /* MSProductsCollectionViewCell.swift in Sources */ = {isa = PBXBuildFile; fileRef = A590AA5B2993CF0300212C88 /* MSProductsCollectionViewCell.swift */; };
		A59B64E129917B4300B1A2B5 /* MSCatalogHeaderViewCell.swift in Sources */ = {isa = PBXBuildFile; fileRef = A59B64E029917B4300B1A2B5 /* MSCatalogHeaderViewCell.swift */; };
		A59B64E329917F9400B1A2B5 /* MSCategoryView.swift in Sources */ = {isa = PBXBuildFile; fileRef = A59B64E229917F9400B1A2B5 /* MSCategoryView.swift */; };
		A5A4318129A26569003DBAFD /* MSCartOrderCell.swift in Sources */ = {isa = PBXBuildFile; fileRef = A5A4318029A26569003DBAFD /* MSCartOrderCell.swift */; };
		A5A4318329A3BBDE003DBAFD /* MSConfirmOrderViewController.swift in Sources */ = {isa = PBXBuildFile; fileRef = A5A4318229A3BBDE003DBAFD /* MSConfirmOrderViewController.swift */; };
		A5A4318529A400E7003DBAFD /* MSCustomer.swift in Sources */ = {isa = PBXBuildFile; fileRef = A5A4318429A400E7003DBAFD /* MSCustomer.swift */; };
		A5A4318729A40413003DBAFD /* MSProfileView.swift in Sources */ = {isa = PBXBuildFile; fileRef = A5A4318629A40413003DBAFD /* MSProfileView.swift */; };
		A5A4318A29A40800003DBAFD /* MSProfileViewViewModel.swift in Sources */ = {isa = PBXBuildFile; fileRef = A5A4318929A40800003DBAFD /* MSProfileViewViewModel.swift */; };
		A5A4318C29A40B2D003DBAFD /* MSPersonalInfoCell.swift in Sources */ = {isa = PBXBuildFile; fileRef = A5A4318B29A40B2D003DBAFD /* MSPersonalInfoCell.swift */; };
		A5A4318E29A40B75003DBAFD /* MSAdressCell.swift in Sources */ = {isa = PBXBuildFile; fileRef = A5A4318D29A40B75003DBAFD /* MSAdressCell.swift */; };
		A5A4319029A40BE0003DBAFD /* MSBankCardCell.swift in Sources */ = {isa = PBXBuildFile; fileRef = A5A4318F29A40BE0003DBAFD /* MSBankCardCell.swift */; };
		A5D07BA0299FD89F00C6C8D5 /* MSSavedProduct.swift in Sources */ = {isa = PBXBuildFile; fileRef = A5D07B9F299FD89F00C6C8D5 /* MSSavedProduct.swift */; };
		A5D07BA2299FDBBD00C6C8D5 /* MSRealmManager.swift in Sources */ = {isa = PBXBuildFile; fileRef = A5D07BA1299FDBBD00C6C8D5 /* MSRealmManager.swift */; };
		A5D745F829880CDE00C3F081 /* AppDelegate.swift in Sources */ = {isa = PBXBuildFile; fileRef = A5D745F729880CDE00C3F081 /* AppDelegate.swift */; };
		A5D745FA29880CDE00C3F081 /* SceneDelegate.swift in Sources */ = {isa = PBXBuildFile; fileRef = A5D745F929880CDE00C3F081 /* SceneDelegate.swift */; };
		A5D745FC29880CDE00C3F081 /* MSTabBarViewController.swift in Sources */ = {isa = PBXBuildFile; fileRef = A5D745FB29880CDE00C3F081 /* MSTabBarViewController.swift */; };
		A5D7460129880CE000C3F081 /* Assets.xcassets in Resources */ = {isa = PBXBuildFile; fileRef = A5D7460029880CE000C3F081 /* Assets.xcassets */; };
		A5D7460429880CE000C3F081 /* LaunchScreen.storyboard in Resources */ = {isa = PBXBuildFile; fileRef = A5D7460229880CE000C3F081 /* LaunchScreen.storyboard */; };
		A5D746142988121E00C3F081 /* MSCatalogViewController.swift in Sources */ = {isa = PBXBuildFile; fileRef = A5D746132988121E00C3F081 /* MSCatalogViewController.swift */; };
		A5D746162988126A00C3F081 /* MSCartViewController.swift in Sources */ = {isa = PBXBuildFile; fileRef = A5D746152988126A00C3F081 /* MSCartViewController.swift */; };
		A5D746182988128B00C3F081 /* MSProfileViewController.swift in Sources */ = {isa = PBXBuildFile; fileRef = A5D746172988128B00C3F081 /* MSProfileViewController.swift */; };
		A5D7461A298817F300C3F081 /* MSProduct.swift in Sources */ = {isa = PBXBuildFile; fileRef = A5D74619298817F300C3F081 /* MSProduct.swift */; };
		A5D7461C29881C2B00C3F081 /* MSService.swift in Sources */ = {isa = PBXBuildFile; fileRef = A5D7461B29881C2B00C3F081 /* MSService.swift */; };
		A5D7461E29881CD100C3F081 /* MSRequest.swift in Sources */ = {isa = PBXBuildFile; fileRef = A5D7461D29881CD100C3F081 /* MSRequest.swift */; };
		DC0F53CFAEF3329BDFC66201 /* Pods_MyShop.framework in Frameworks */ = {isa = PBXBuildFile; fileRef = 1E07E0750A32C84D4670B279 /* Pods_MyShop.framework */; };
/* End PBXBuildFile section */

/* Begin PBXFileReference section */
		1E07E0750A32C84D4670B279 /* Pods_MyShop.framework */ = {isa = PBXFileReference; explicitFileType = wrapper.framework; includeInIndex = 0; path = Pods_MyShop.framework; sourceTree = BUILT_PRODUCTS_DIR; };
		75316C58B154FABF67E160F8 /* Pods-MyShop.debug.xcconfig */ = {isa = PBXFileReference; includeInIndex = 1; lastKnownFileType = text.xcconfig; name = "Pods-MyShop.debug.xcconfig"; path = "Target Support Files/Pods-MyShop/Pods-MyShop.debug.xcconfig"; sourceTree = "<group>"; };
		A507ED0229A6A98D00989783 /* MSWishlistCell.swift */ = {isa = PBXFileReference; lastKnownFileType = sourcecode.swift; path = MSWishlistCell.swift; sourceTree = "<group>"; };
		A507ED0429A6AC2B00989783 /* MSLikedProduct.swift */ = {isa = PBXFileReference; lastKnownFileType = sourcecode.swift; path = MSLikedProduct.swift; sourceTree = "<group>"; };
		A513D8B3299167D5004F8A31 /* MSOffersHeaderViewCell.swift */ = {isa = PBXFileReference; lastKnownFileType = sourcecode.swift; path = MSOffersHeaderViewCell.swift; sourceTree = "<group>"; };
		A5173FD4299965D000430E68 /* MSSearchTableViewController.swift */ = {isa = PBXFileReference; lastKnownFileType = sourcecode.swift; path = MSSearchTableViewController.swift; sourceTree = "<group>"; };
		A5173FD62999702F00430E68 /* MSSearchTableViewCell.swift */ = {isa = PBXFileReference; lastKnownFileType = sourcecode.swift; path = MSSearchTableViewCell.swift; sourceTree = "<group>"; };
		A52DB358299518F700530DE3 /* MSProductDetailViewController.swift */ = {isa = PBXFileReference; lastKnownFileType = sourcecode.swift; path = MSProductDetailViewController.swift; sourceTree = "<group>"; };
		A52DB35C29951C4D00530DE3 /* MSProductDetailsView.swift */ = {isa = PBXFileReference; lastKnownFileType = sourcecode.swift; path = MSProductDetailsView.swift; sourceTree = "<group>"; };
		A52DB35E2995204C00530DE3 /* MSProductDetailsViewModel.swift */ = {isa = PBXFileReference; lastKnownFileType = sourcecode.swift; path = MSProductDetailsViewModel.swift; sourceTree = "<group>"; };
		A5466D22299BC3CB00E3152E /* MSImageLoader.swift */ = {isa = PBXFileReference; lastKnownFileType = sourcecode.swift; path = MSImageLoader.swift; sourceTree = "<group>"; };
		A5466D24299BC7BE00E3152E /* MSImageForCellViewModel.swift */ = {isa = PBXFileReference; lastKnownFileType = sourcecode.swift; path = MSImageForCellViewModel.swift; sourceTree = "<group>"; };
		A55AA16129AA3D6D000B14EF /* MSLikedProductCell.swift */ = {isa = PBXFileReference; lastKnownFileType = sourcecode.swift; path = MSLikedProductCell.swift; sourceTree = "<group>"; };
		A55E5000298D46C80050CBD6 /* MSCategoryViewController.swift */ = {isa = PBXFileReference; lastKnownFileType = sourcecode.swift; path = MSCategoryViewController.swift; sourceTree = "<group>"; };
		A567EAC12997B3D4005945A7 /* MSSectionBackground.swift */ = {isa = PBXFileReference; lastKnownFileType = sourcecode.swift; path = MSSectionBackground.swift; sourceTree = "<group>"; };
		A567EAC32997B765005945A7 /* MSProductGalleryCollectionViewCell.swift */ = {isa = PBXFileReference; lastKnownFileType = sourcecode.swift; path = MSProductGalleryCollectionViewCell.swift; sourceTree = "<group>"; };
		A567EAC72997CE41005945A7 /* MSProductInfoCollectionViewCell.swift */ = {isa = PBXFileReference; lastKnownFileType = sourcecode.swift; path = MSProductInfoCollectionViewCell.swift; sourceTree = "<group>"; };
		A573FE9E298BDEEF003488C0 /* MSCatalogView.swift */ = {isa = PBXFileReference; lastKnownFileType = sourcecode.swift; path = MSCatalogView.swift; sourceTree = "<group>"; };
		A573FEA0298BDF1A003488C0 /* MSCatalogViewModel.swift */ = {isa = PBXFileReference; lastKnownFileType = sourcecode.swift; path = MSCatalogViewModel.swift; sourceTree = "<group>"; };
		A573FEA2298BDFCB003488C0 /* Extensions.swift */ = {isa = PBXFileReference; lastKnownFileType = sourcecode.swift; path = Extensions.swift; sourceTree = "<group>"; };
		A573FEA4298BED5D003488C0 /* MSPromoCollectionViewCell.swift */ = {isa = PBXFileReference; lastKnownFileType = sourcecode.swift; path = MSPromoCollectionViewCell.swift; sourceTree = "<group>"; };
		A573FEAA298C0089003488C0 /* MSCategoriesCollectionViewCell.swift */ = {isa = PBXFileReference; lastKnownFileType = sourcecode.swift; path = MSCategoriesCollectionViewCell.swift; sourceTree = "<group>"; };
		A573FEAC298C0282003488C0 /* MSCategoriesCollectionViewCellViewModel.swift */ = {isa = PBXFileReference; lastKnownFileType = sourcecode.swift; path = MSCategoriesCollectionViewCellViewModel.swift; sourceTree = "<group>"; };
		A573FEAE298C2B79003488C0 /* AssetPicsStrings.swift */ = {isa = PBXFileReference; lastKnownFileType = sourcecode.swift; path = AssetPicsStrings.swift; sourceTree = "<group>"; };
		A5759517299FB74000612BA2 /* MSCartView.swift */ = {isa = PBXFileReference; lastKnownFileType = sourcecode.swift; path = MSCartView.swift; sourceTree = "<group>"; };
		A5759519299FBADC00612BA2 /* MSCartViewModel.swift */ = {isa = PBXFileReference; lastKnownFileType = sourcecode.swift; path = MSCartViewModel.swift; sourceTree = "<group>"; };
		A575951B299FBD5C00612BA2 /* MSCartTableViewCell.swift */ = {isa = PBXFileReference; lastKnownFileType = sourcecode.swift; path = MSCartTableViewCell.swift; sourceTree = "<group>"; };
		A57B57DC29B0CB2500A8666A /* MSConfirmOrderView.swift */ = {isa = PBXFileReference; lastKnownFileType = sourcecode.swift; path = MSConfirmOrderView.swift; sourceTree = "<group>"; };
		A57B57DE29B0CCCC00A8666A /* MSConfirmOrderProductCell.swift */ = {isa = PBXFileReference; lastKnownFileType = sourcecode.swift; path = MSConfirmOrderProductCell.swift; sourceTree = "<group>"; };
		A57B57E029B0CD5300A8666A /* MSConfirmOrderTotalCell.swift */ = {isa = PBXFileReference; lastKnownFileType = sourcecode.swift; path = MSConfirmOrderTotalCell.swift; sourceTree = "<group>"; };
		A57B57E229B0CF1700A8666A /* MSConfirmOrderDeliveryCell.swift */ = {isa = PBXFileReference; lastKnownFileType = sourcecode.swift; path = MSConfirmOrderDeliveryCell.swift; sourceTree = "<group>"; };
		A57B57E429B0CF8B00A8666A /* MSConfirmOrderPayCell.swift */ = {isa = PBXFileReference; lastKnownFileType = sourcecode.swift; path = MSConfirmOrderPayCell.swift; sourceTree = "<group>"; };
		A590AA572992FF1F00212C88 /* MSCategoryViewViewModel.swift */ = {isa = PBXFileReference; lastKnownFileType = sourcecode.swift; path = MSCategoryViewViewModel.swift; sourceTree = "<group>"; };
		A590AA592993C80600212C88 /* MSCategoryCollectionViewCellViewModel.swift */ = {isa = PBXFileReference; lastKnownFileType = sourcecode.swift; path = MSCategoryCollectionViewCellViewModel.swift; sourceTree = "<group>"; };
		A590AA5B2993CF0300212C88 /* MSProductsCollectionViewCell.swift */ = {isa = PBXFileReference; lastKnownFileType = sourcecode.swift; path = MSProductsCollectionViewCell.swift; sourceTree = "<group>"; };
		A59B64E029917B4300B1A2B5 /* MSCatalogHeaderViewCell.swift */ = {isa = PBXFileReference; lastKnownFileType = sourcecode.swift; path = MSCatalogHeaderViewCell.swift; sourceTree = "<group>"; };
		A59B64E229917F9400B1A2B5 /* MSCategoryView.swift */ = {isa = PBXFileReference; lastKnownFileType = sourcecode.swift; path = MSCategoryView.swift; sourceTree = "<group>"; };
		A5A4318029A26569003DBAFD /* MSCartOrderCell.swift */ = {isa = PBXFileReference; lastKnownFileType = sourcecode.swift; path = MSCartOrderCell.swift; sourceTree = "<group>"; };
		A5A4318229A3BBDE003DBAFD /* MSConfirmOrderViewController.swift */ = {isa = PBXFileReference; lastKnownFileType = sourcecode.swift; path = MSConfirmOrderViewController.swift; sourceTree = "<group>"; };
		A5A4318429A400E7003DBAFD /* MSCustomer.swift */ = {isa = PBXFileReference; lastKnownFileType = sourcecode.swift; path = MSCustomer.swift; sourceTree = "<group>"; };
		A5A4318629A40413003DBAFD /* MSProfileView.swift */ = {isa = PBXFileReference; lastKnownFileType = sourcecode.swift; path = MSProfileView.swift; sourceTree = "<group>"; };
		A5A4318929A40800003DBAFD /* MSProfileViewViewModel.swift */ = {isa = PBXFileReference; lastKnownFileType = sourcecode.swift; path = MSProfileViewViewModel.swift; sourceTree = "<group>"; };
		A5A4318B29A40B2D003DBAFD /* MSPersonalInfoCell.swift */ = {isa = PBXFileReference; lastKnownFileType = sourcecode.swift; path = MSPersonalInfoCell.swift; sourceTree = "<group>"; };
		A5A4318D29A40B75003DBAFD /* MSAdressCell.swift */ = {isa = PBXFileReference; lastKnownFileType = sourcecode.swift; path = MSAdressCell.swift; sourceTree = "<group>"; };
		A5A4318F29A40BE0003DBAFD /* MSBankCardCell.swift */ = {isa = PBXFileReference; lastKnownFileType = sourcecode.swift; path = MSBankCardCell.swift; sourceTree = "<group>"; };
		A5D07B9F299FD89F00C6C8D5 /* MSSavedProduct.swift */ = {isa = PBXFileReference; lastKnownFileType = sourcecode.swift; path = MSSavedProduct.swift; sourceTree = "<group>"; };
		A5D07BA1299FDBBD00C6C8D5 /* MSRealmManager.swift */ = {isa = PBXFileReference; lastKnownFileType = sourcecode.swift; path = MSRealmManager.swift; sourceTree = "<group>"; };
		A5D745F429880CDE00C3F081 /* MyShop.app */ = {isa = PBXFileReference; explicitFileType = wrapper.application; includeInIndex = 0; path = MyShop.app; sourceTree = BUILT_PRODUCTS_DIR; };
		A5D745F729880CDE00C3F081 /* AppDelegate.swift */ = {isa = PBXFileReference; lastKnownFileType = sourcecode.swift; path = AppDelegate.swift; sourceTree = "<group>"; };
		A5D745F929880CDE00C3F081 /* SceneDelegate.swift */ = {isa = PBXFileReference; lastKnownFileType = sourcecode.swift; path = SceneDelegate.swift; sourceTree = "<group>"; };
		A5D745FB29880CDE00C3F081 /* MSTabBarViewController.swift */ = {isa = PBXFileReference; lastKnownFileType = sourcecode.swift; path = MSTabBarViewController.swift; sourceTree = "<group>"; };
		A5D7460029880CE000C3F081 /* Assets.xcassets */ = {isa = PBXFileReference; lastKnownFileType = folder.assetcatalog; path = Assets.xcassets; sourceTree = "<group>"; };
		A5D7460329880CE000C3F081 /* Base */ = {isa = PBXFileReference; lastKnownFileType = file.storyboard; name = Base; path = Base.lproj/LaunchScreen.storyboard; sourceTree = "<group>"; };
		A5D7460529880CE000C3F081 /* Info.plist */ = {isa = PBXFileReference; lastKnownFileType = text.plist.xml; path = Info.plist; sourceTree = "<group>"; };
		A5D746132988121E00C3F081 /* MSCatalogViewController.swift */ = {isa = PBXFileReference; lastKnownFileType = sourcecode.swift; path = MSCatalogViewController.swift; sourceTree = "<group>"; };
		A5D746152988126A00C3F081 /* MSCartViewController.swift */ = {isa = PBXFileReference; lastKnownFileType = sourcecode.swift; path = MSCartViewController.swift; sourceTree = "<group>"; };
		A5D746172988128B00C3F081 /* MSProfileViewController.swift */ = {isa = PBXFileReference; lastKnownFileType = sourcecode.swift; path = MSProfileViewController.swift; sourceTree = "<group>"; };
		A5D74619298817F300C3F081 /* MSProduct.swift */ = {isa = PBXFileReference; lastKnownFileType = sourcecode.swift; path = MSProduct.swift; sourceTree = "<group>"; };
		A5D7461B29881C2B00C3F081 /* MSService.swift */ = {isa = PBXFileReference; lastKnownFileType = sourcecode.swift; path = MSService.swift; sourceTree = "<group>"; };
		A5D7461D29881CD100C3F081 /* MSRequest.swift */ = {isa = PBXFileReference; lastKnownFileType = sourcecode.swift; path = MSRequest.swift; sourceTree = "<group>"; };
		C811B1B543D8D0F770637D57 /* Pods-MyShop.release.xcconfig */ = {isa = PBXFileReference; includeInIndex = 1; lastKnownFileType = text.xcconfig; name = "Pods-MyShop.release.xcconfig"; path = "Target Support Files/Pods-MyShop/Pods-MyShop.release.xcconfig"; sourceTree = "<group>"; };
/* End PBXFileReference section */

/* Begin PBXFrameworksBuildPhase section */
		A5D745F129880CDE00C3F081 /* Frameworks */ = {
			isa = PBXFrameworksBuildPhase;
			buildActionMask = 2147483647;
			files = (
				DC0F53CFAEF3329BDFC66201 /* Pods_MyShop.framework in Frameworks */,
			);
			runOnlyForDeploymentPostprocessing = 0;
		};
/* End PBXFrameworksBuildPhase section */

/* Begin PBXGroup section */
		81D72C09B930B465B0F61183 /* Pods */ = {
			isa = PBXGroup;
			children = (
				75316C58B154FABF67E160F8 /* Pods-MyShop.debug.xcconfig */,
				C811B1B543D8D0F770637D57 /* Pods-MyShop.release.xcconfig */,
			);
			path = Pods;
			sourceTree = "<group>";
		};
		A513D8B22991679C004F8A31 /* Headers */ = {
			isa = PBXGroup;
			children = (
				A567EAC12997B3D4005945A7 /* MSSectionBackground.swift */,
				A513D8B3299167D5004F8A31 /* MSOffersHeaderViewCell.swift */,
				A59B64E029917B4300B1A2B5 /* MSCatalogHeaderViewCell.swift */,
			);
			path = Headers;
			sourceTree = "<group>";
		};
		A52DB35A29951AB800530DE3 /* MSCatalogFlowViews */ = {
			isa = PBXGroup;
			children = (
				A513D8B22991679C004F8A31 /* Headers */,
				A573FE9E298BDEEF003488C0 /* MSCatalogView.swift */,
				A59B64E229917F9400B1A2B5 /* MSCategoryView.swift */,
				A573FEA4298BED5D003488C0 /* MSPromoCollectionViewCell.swift */,
				A573FEAA298C0089003488C0 /* MSCategoriesCollectionViewCell.swift */,
				A590AA5B2993CF0300212C88 /* MSProductsCollectionViewCell.swift */,
				A52DB35C29951C4D00530DE3 /* MSProductDetailsView.swift */,
				A567EAC32997B765005945A7 /* MSProductGalleryCollectionViewCell.swift */,
				A567EAC72997CE41005945A7 /* MSProductInfoCollectionViewCell.swift */,
				A5173FD62999702F00430E68 /* MSSearchTableViewCell.swift */,
			);
			path = MSCatalogFlowViews;
			sourceTree = "<group>";
		};
		A52DB35B29951B4C00530DE3 /* MSCatalogFlowViewModels */ = {
			isa = PBXGroup;
			children = (
				A573FEAC298C0282003488C0 /* MSCategoriesCollectionViewCellViewModel.swift */,
				A573FEA0298BDF1A003488C0 /* MSCatalogViewModel.swift */,
				A590AA572992FF1F00212C88 /* MSCategoryViewViewModel.swift */,
				A590AA592993C80600212C88 /* MSCategoryCollectionViewCellViewModel.swift */,
				A52DB35E2995204C00530DE3 /* MSProductDetailsViewModel.swift */,
				A5466D24299BC7BE00E3152E /* MSImageForCellViewModel.swift */,
			);
			path = MSCatalogFlowViewModels;
			sourceTree = "<group>";
		};
		A55E4FFF298D46860050CBD6 /* MSCatalogFlowControllers */ = {
			isa = PBXGroup;
			children = (
				A55E5000298D46C80050CBD6 /* MSCategoryViewController.swift */,
				A5D746132988121E00C3F081 /* MSCatalogViewController.swift */,
				A52DB358299518F700530DE3 /* MSProductDetailViewController.swift */,
				A5173FD4299965D000430E68 /* MSSearchTableViewController.swift */,
			);
			path = MSCatalogFlowControllers;
			sourceTree = "<group>";
		};
		A5759515299FB6F200612BA2 /* MSCartFlowControllers */ = {
			isa = PBXGroup;
			children = (
				A5D746152988126A00C3F081 /* MSCartViewController.swift */,
				A5A4318229A3BBDE003DBAFD /* MSConfirmOrderViewController.swift */,
			);
			path = MSCartFlowControllers;
			sourceTree = "<group>";
		};
		A5759516299FB71D00612BA2 /* MSCartFLowView */ = {
			isa = PBXGroup;
			children = (
				A5759517299FB74000612BA2 /* MSCartView.swift */,
				A575951B299FBD5C00612BA2 /* MSCartTableViewCell.swift */,
				A5A4318029A26569003DBAFD /* MSCartOrderCell.swift */,
				A57B57DC29B0CB2500A8666A /* MSConfirmOrderView.swift */,
				A57B57DE29B0CCCC00A8666A /* MSConfirmOrderProductCell.swift */,
				A57B57E029B0CD5300A8666A /* MSConfirmOrderTotalCell.swift */,
				A57B57E229B0CF1700A8666A /* MSConfirmOrderDeliveryCell.swift */,
				A57B57E429B0CF8B00A8666A /* MSConfirmOrderPayCell.swift */,
			);
			path = MSCartFLowView;
			sourceTree = "<group>";
		};
		A5A4318829A4041D003DBAFD /* MSProfileFlowViews */ = {
			isa = PBXGroup;
			children = (
				A5A4318629A40413003DBAFD /* MSProfileView.swift */,
				A5A4318B29A40B2D003DBAFD /* MSPersonalInfoCell.swift */,
				A5A4318D29A40B75003DBAFD /* MSAdressCell.swift */,
				A5A4318F29A40BE0003DBAFD /* MSBankCardCell.swift */,
				A507ED0229A6A98D00989783 /* MSWishlistCell.swift */,
				A55AA16129AA3D6D000B14EF /* MSLikedProductCell.swift */,
			);
			path = MSProfileFlowViews;
			sourceTree = "<group>";
		};
		A5D745EB29880CDE00C3F081 = {
			isa = PBXGroup;
			children = (
				A5D745F629880CDE00C3F081 /* MyShop */,
				A5D745F529880CDE00C3F081 /* Products */,
				81D72C09B930B465B0F61183 /* Pods */,
				AEF7F7DD0CF35ACA351039EC /* Frameworks */,
			);
			sourceTree = "<group>";
		};
		A5D745F529880CDE00C3F081 /* Products */ = {
			isa = PBXGroup;
			children = (
				A5D745F429880CDE00C3F081 /* MyShop.app */,
			);
			name = Products;
			sourceTree = "<group>";
		};
		A5D745F629880CDE00C3F081 /* MyShop */ = {
			isa = PBXGroup;
			children = (
				A5D746112988108900C3F081 /* APIClient */,
				A5D746102988108400C3F081 /* Managers */,
				A5D7460F2988106D00C3F081 /* Resources */,
				A5D7460E2988104C00C3F081 /* Models */,
				A5D7460D2988104500C3F081 /* ViewModels */,
				A5D7460C2988103800C3F081 /* Views */,
				A5D7460B2988102C00C3F081 /* Controllers */,
				A5D7460529880CE000C3F081 /* Info.plist */,
			);
			path = MyShop;
			sourceTree = "<group>";
		};
		A5D7460B2988102C00C3F081 /* Controllers */ = {
			isa = PBXGroup;
			children = (
				A5D745FB29880CDE00C3F081 /* MSTabBarViewController.swift */,
				A5D746122988110900C3F081 /* Core */,
			);
			path = Controllers;
			sourceTree = "<group>";
		};
		A5D7460C2988103800C3F081 /* Views */ = {
			isa = PBXGroup;
			children = (
				A5D7460229880CE000C3F081 /* LaunchScreen.storyboard */,
				A5759516299FB71D00612BA2 /* MSCartFLowView */,
				A52DB35A29951AB800530DE3 /* MSCatalogFlowViews */,
				A5A4318829A4041D003DBAFD /* MSProfileFlowViews */,
			);
			path = Views;
			sourceTree = "<group>";
		};
		A5D7460D2988104500C3F081 /* ViewModels */ = {
			isa = PBXGroup;
			children = (
				A52DB35B29951B4C00530DE3 /* MSCatalogFlowViewModels */,
				A5759519299FBADC00612BA2 /* MSCartViewModel.swift */,
				A5A4318929A40800003DBAFD /* MSProfileViewViewModel.swift */,
			);
			path = ViewModels;
			sourceTree = "<group>";
		};
		A5D7460E2988104C00C3F081 /* Models */ = {
			isa = PBXGroup;
			children = (
				A5D74619298817F300C3F081 /* MSProduct.swift */,
				A5A4318429A400E7003DBAFD /* MSCustomer.swift */,
				A5D07B9F299FD89F00C6C8D5 /* MSSavedProduct.swift */,
				A507ED0429A6AC2B00989783 /* MSLikedProduct.swift */,
			);
			path = Models;
			sourceTree = "<group>";
		};
		A5D7460F2988106D00C3F081 /* Resources */ = {
			isa = PBXGroup;
			children = (
				A5D7460029880CE000C3F081 /* Assets.xcassets */,
				A5D745F729880CDE00C3F081 /* AppDelegate.swift */,
				A5D745F929880CDE00C3F081 /* SceneDelegate.swift */,
				A573FEA2298BDFCB003488C0 /* Extensions.swift */,
				A573FEAE298C2B79003488C0 /* AssetPicsStrings.swift */,
			);
			path = Resources;
			sourceTree = "<group>";
		};
		A5D746102988108400C3F081 /* Managers */ = {
			isa = PBXGroup;
			children = (
				A5466D22299BC3CB00E3152E /* MSImageLoader.swift */,
				A5D07BA1299FDBBD00C6C8D5 /* MSRealmManager.swift */,
			);
			path = Managers;
			sourceTree = "<group>";
		};
		A5D746112988108900C3F081 /* APIClient */ = {
			isa = PBXGroup;
			children = (
				A5D7461B29881C2B00C3F081 /* MSService.swift */,
				A5D7461D29881CD100C3F081 /* MSRequest.swift */,
			);
			path = APIClient;
			sourceTree = "<group>";
		};
		A5D746122988110900C3F081 /* Core */ = {
			isa = PBXGroup;
			children = (
				A55E4FFF298D46860050CBD6 /* MSCatalogFlowControllers */,
				A5759515299FB6F200612BA2 /* MSCartFlowControllers */,
				A5D746172988128B00C3F081 /* MSProfileViewController.swift */,
			);
			path = Core;
			sourceTree = "<group>";
		};
		AEF7F7DD0CF35ACA351039EC /* Frameworks */ = {
			isa = PBXGroup;
			children = (
				1E07E0750A32C84D4670B279 /* Pods_MyShop.framework */,
			);
			name = Frameworks;
			sourceTree = "<group>";
		};
/* End PBXGroup section */

/* Begin PBXNativeTarget section */
		A5D745F329880CDE00C3F081 /* MyShop */ = {
			isa = PBXNativeTarget;
			buildConfigurationList = A5D7460829880CE000C3F081 /* Build configuration list for PBXNativeTarget "MyShop" */;
			buildPhases = (
				79734DF7C4929A43BEFCF076 /* [CP] Check Pods Manifest.lock */,
				A5D745F029880CDE00C3F081 /* Sources */,
				A5D745F129880CDE00C3F081 /* Frameworks */,
				A5D745F229880CDE00C3F081 /* Resources */,
				03A8B60B15B1FF49D58273D0 /* [CP] Embed Pods Frameworks */,
			);
			buildRules = (
			);
			dependencies = (
			);
			name = MyShop;
			productName = MyShop;
			productReference = A5D745F429880CDE00C3F081 /* MyShop.app */;
			productType = "com.apple.product-type.application";
		};
/* End PBXNativeTarget section */

/* Begin PBXProject section */
		A5D745EC29880CDE00C3F081 /* Project object */ = {
			isa = PBXProject;
			attributes = {
				BuildIndependentTargetsInParallel = 1;
				LastSwiftUpdateCheck = 1340;
				LastUpgradeCheck = 1340;
				TargetAttributes = {
					A5D745F329880CDE00C3F081 = {
						CreatedOnToolsVersion = 13.4.1;
					};
				};
			};
			buildConfigurationList = A5D745EF29880CDE00C3F081 /* Build configuration list for PBXProject "MyShop" */;
			compatibilityVersion = "Xcode 13.0";
			developmentRegion = en;
			hasScannedForEncodings = 0;
			knownRegions = (
				en,
				Base,
			);
			mainGroup = A5D745EB29880CDE00C3F081;
			productRefGroup = A5D745F529880CDE00C3F081 /* Products */;
			projectDirPath = "";
			projectRoot = "";
			targets = (
				A5D745F329880CDE00C3F081 /* MyShop */,
			);
		};
/* End PBXProject section */

/* Begin PBXResourcesBuildPhase section */
		A5D745F229880CDE00C3F081 /* Resources */ = {
			isa = PBXResourcesBuildPhase;
			buildActionMask = 2147483647;
			files = (
				A5D7460429880CE000C3F081 /* LaunchScreen.storyboard in Resources */,
				A5D7460129880CE000C3F081 /* Assets.xcassets in Resources */,
			);
			runOnlyForDeploymentPostprocessing = 0;
		};
/* End PBXResourcesBuildPhase section */

/* Begin PBXShellScriptBuildPhase section */
		03A8B60B15B1FF49D58273D0 /* [CP] Embed Pods Frameworks */ = {
			isa = PBXShellScriptBuildPhase;
			buildActionMask = 2147483647;
			files = (
			);
			inputFileListPaths = (
				"${PODS_ROOT}/Target Support Files/Pods-MyShop/Pods-MyShop-frameworks-${CONFIGURATION}-input-files.xcfilelist",
			);
			name = "[CP] Embed Pods Frameworks";
			outputFileListPaths = (
				"${PODS_ROOT}/Target Support Files/Pods-MyShop/Pods-MyShop-frameworks-${CONFIGURATION}-output-files.xcfilelist",
			);
			runOnlyForDeploymentPostprocessing = 0;
			shellPath = /bin/sh;
			shellScript = "\"${PODS_ROOT}/Target Support Files/Pods-MyShop/Pods-MyShop-frameworks.sh\"\n";
			showEnvVarsInLog = 0;
		};
		79734DF7C4929A43BEFCF076 /* [CP] Check Pods Manifest.lock */ = {
			isa = PBXShellScriptBuildPhase;
			buildActionMask = 2147483647;
			files = (
			);
			inputFileListPaths = (
			);
			inputPaths = (
				"${PODS_PODFILE_DIR_PATH}/Podfile.lock",
				"${PODS_ROOT}/Manifest.lock",
			);
			name = "[CP] Check Pods Manifest.lock";
			outputFileListPaths = (
			);
			outputPaths = (
				"$(DERIVED_FILE_DIR)/Pods-MyShop-checkManifestLockResult.txt",
			);
			runOnlyForDeploymentPostprocessing = 0;
			shellPath = /bin/sh;
			shellScript = "diff \"${PODS_PODFILE_DIR_PATH}/Podfile.lock\" \"${PODS_ROOT}/Manifest.lock\" > /dev/null\nif [ $? != 0 ] ; then\n    # print error to STDERR\n    echo \"error: The sandbox is not in sync with the Podfile.lock. Run 'pod install' or update your CocoaPods installation.\" >&2\n    exit 1\nfi\n# This output is used by Xcode 'outputs' to avoid re-running this script phase.\necho \"SUCCESS\" > \"${SCRIPT_OUTPUT_FILE_0}\"\n";
			showEnvVarsInLog = 0;
		};
/* End PBXShellScriptBuildPhase section */

/* Begin PBXSourcesBuildPhase section */
		A5D745F029880CDE00C3F081 /* Sources */ = {
			isa = PBXSourcesBuildPhase;
			buildActionMask = 2147483647;
			files = (
				A5A4318729A40413003DBAFD /* MSProfileView.swift in Sources */,
				A573FEA5298BED5D003488C0 /* MSPromoCollectionViewCell.swift in Sources */,
				A575951C299FBD5C00612BA2 /* MSCartTableViewCell.swift in Sources */,
				A573FEAD298C0282003488C0 /* MSCategoriesCollectionViewCellViewModel.swift in Sources */,
				A5D745FC29880CDE00C3F081 /* MSTabBarViewController.swift in Sources */,
				A57B57E329B0CF1700A8666A /* MSConfirmOrderDeliveryCell.swift in Sources */,
				A5A4319029A40BE0003DBAFD /* MSBankCardCell.swift in Sources */,
				A5466D25299BC7BE00E3152E /* MSImageForCellViewModel.swift in Sources */,
				A5A4318E29A40B75003DBAFD /* MSAdressCell.swift in Sources */,
				A5759518299FB74000612BA2 /* MSCartView.swift in Sources */,
				A507ED0529A6AC2B00989783 /* MSLikedProduct.swift in Sources */,
				A575951A299FBADC00612BA2 /* MSCartViewModel.swift in Sources */,
				A5D07BA2299FDBBD00C6C8D5 /* MSRealmManager.swift in Sources */,
				A513D8B4299167D5004F8A31 /* MSOffersHeaderViewCell.swift in Sources */,
				A5D745F829880CDE00C3F081 /* AppDelegate.swift in Sources */,
				A5D746162988126A00C3F081 /* MSCartViewController.swift in Sources */,
				A5D7461C29881C2B00C3F081 /* MSService.swift in Sources */,
				A5A4318A29A40800003DBAFD /* MSProfileViewViewModel.swift in Sources */,
				A5D746142988121E00C3F081 /* MSCatalogViewController.swift in Sources */,
				A5A4318129A26569003DBAFD /* MSCartOrderCell.swift in Sources */,
				A55AA16229AA3D6D000B14EF /* MSLikedProductCell.swift in Sources */,
				A5466D23299BC3CB00E3152E /* MSImageLoader.swift in Sources */,
				A590AA5C2993CF0300212C88 /* MSProductsCollectionViewCell.swift in Sources */,
				A52DB35F2995204C00530DE3 /* MSProductDetailsViewModel.swift in Sources */,
				A5D746182988128B00C3F081 /* MSProfileViewController.swift in Sources */,
				A57B57DF29B0CCCC00A8666A /* MSConfirmOrderProductCell.swift in Sources */,
				A5173FD72999702F00430E68 /* MSSearchTableViewCell.swift in Sources */,
				A573FEA1298BDF1A003488C0 /* MSCatalogViewModel.swift in Sources */,
				A590AA5A2993C80600212C88 /* MSCategoryCollectionViewCellViewModel.swift in Sources */,
				A5A4318C29A40B2D003DBAFD /* MSPersonalInfoCell.swift in Sources */,
				A57B57DD29B0CB2500A8666A /* MSConfirmOrderView.swift in Sources */,
				A573FEA3298BDFCB003488C0 /* Extensions.swift in Sources */,
				A57B57E529B0CF8B00A8666A /* MSConfirmOrderPayCell.swift in Sources */,
				A5A4318529A400E7003DBAFD /* MSCustomer.swift in Sources */,
				A5D7461E29881CD100C3F081 /* MSRequest.swift in Sources */,
				A573FEAF298C2B79003488C0 /* AssetPicsStrings.swift in Sources */,
				A5D745FA29880CDE00C3F081 /* SceneDelegate.swift in Sources */,
				A567EAC82997CE41005945A7 /* MSProductInfoCollectionViewCell.swift in Sources */,
				A59B64E129917B4300B1A2B5 /* MSCatalogHeaderViewCell.swift in Sources */,
				A5173FD5299965D000430E68 /* MSSearchTableViewController.swift in Sources */,
				A52DB35D29951C4D00530DE3 /* MSProductDetailsView.swift in Sources */,
				A52DB359299518F700530DE3 /* MSProductDetailViewController.swift in Sources */,
				A590AA582992FF1F00212C88 /* MSCategoryViewViewModel.swift in Sources */,
				A59B64E329917F9400B1A2B5 /* MSCategoryView.swift in Sources */,
				A567EAC22997B3D4005945A7 /* MSSectionBackground.swift in Sources */,
				A567EAC42997B765005945A7 /* MSProductGalleryCollectionViewCell.swift in Sources */,
				A507ED0329A6A98D00989783 /* MSWishlistCell.swift in Sources */,
				A5D07BA0299FD89F00C6C8D5 /* MSSavedProduct.swift in Sources */,
				A573FEAB298C0089003488C0 /* MSCategoriesCollectionViewCell.swift in Sources */,
				A573FE9F298BDEF0003488C0 /* MSCatalogView.swift in Sources */,
				A55E5001298D46C90050CBD6 /* MSCategoryViewController.swift in Sources */,
				A5A4318329A3BBDE003DBAFD /* MSConfirmOrderViewController.swift in Sources */,
				A57B57E129B0CD5300A8666A /* MSConfirmOrderTotalCell.swift in Sources */,
				A5D7461A298817F300C3F081 /* MSProduct.swift in Sources */,
			);
			runOnlyForDeploymentPostprocessing = 0;
		};
/* End PBXSourcesBuildPhase section */

/* Begin PBXVariantGroup section */
		A5D7460229880CE000C3F081 /* LaunchScreen.storyboard */ = {
			isa = PBXVariantGroup;
			children = (
				A5D7460329880CE000C3F081 /* Base */,
			);
			name = LaunchScreen.storyboard;
			sourceTree = "<group>";
		};
/* End PBXVariantGroup section */

/* Begin XCBuildConfiguration section */
		A5D7460629880CE000C3F081 /* Debug */ = {
			isa = XCBuildConfiguration;
			buildSettings = {
				ALWAYS_SEARCH_USER_PATHS = NO;
				CLANG_ANALYZER_NONNULL = YES;
				CLANG_ANALYZER_NUMBER_OBJECT_CONVERSION = YES_AGGRESSIVE;
				CLANG_CXX_LANGUAGE_STANDARD = "gnu++17";
				CLANG_ENABLE_MODULES = YES;
				CLANG_ENABLE_OBJC_ARC = YES;
				CLANG_ENABLE_OBJC_WEAK = YES;
				CLANG_WARN_BLOCK_CAPTURE_AUTORELEASING = YES;
				CLANG_WARN_BOOL_CONVERSION = YES;
				CLANG_WARN_COMMA = YES;
				CLANG_WARN_CONSTANT_CONVERSION = YES;
				CLANG_WARN_DEPRECATED_OBJC_IMPLEMENTATIONS = YES;
				CLANG_WARN_DIRECT_OBJC_ISA_USAGE = YES_ERROR;
				CLANG_WARN_DOCUMENTATION_COMMENTS = YES;
				CLANG_WARN_EMPTY_BODY = YES;
				CLANG_WARN_ENUM_CONVERSION = YES;
				CLANG_WARN_INFINITE_RECURSION = YES;
				CLANG_WARN_INT_CONVERSION = YES;
				CLANG_WARN_NON_LITERAL_NULL_CONVERSION = YES;
				CLANG_WARN_OBJC_IMPLICIT_RETAIN_SELF = YES;
				CLANG_WARN_OBJC_LITERAL_CONVERSION = YES;
				CLANG_WARN_OBJC_ROOT_CLASS = YES_ERROR;
				CLANG_WARN_QUOTED_INCLUDE_IN_FRAMEWORK_HEADER = YES;
				CLANG_WARN_RANGE_LOOP_ANALYSIS = YES;
				CLANG_WARN_STRICT_PROTOTYPES = YES;
				CLANG_WARN_SUSPICIOUS_MOVE = YES;
				CLANG_WARN_UNGUARDED_AVAILABILITY = YES_AGGRESSIVE;
				CLANG_WARN_UNREACHABLE_CODE = YES;
				CLANG_WARN__DUPLICATE_METHOD_MATCH = YES;
				COPY_PHASE_STRIP = NO;
				DEBUG_INFORMATION_FORMAT = dwarf;
				ENABLE_STRICT_OBJC_MSGSEND = YES;
				ENABLE_TESTABILITY = YES;
				GCC_C_LANGUAGE_STANDARD = gnu11;
				GCC_DYNAMIC_NO_PIC = NO;
				GCC_NO_COMMON_BLOCKS = YES;
				GCC_OPTIMIZATION_LEVEL = 0;
				GCC_PREPROCESSOR_DEFINITIONS = (
					"DEBUG=1",
					"$(inherited)",
				);
				GCC_WARN_64_TO_32_BIT_CONVERSION = YES;
				GCC_WARN_ABOUT_RETURN_TYPE = YES_ERROR;
				GCC_WARN_UNDECLARED_SELECTOR = YES;
				GCC_WARN_UNINITIALIZED_AUTOS = YES_AGGRESSIVE;
				GCC_WARN_UNUSED_FUNCTION = YES;
				GCC_WARN_UNUSED_VARIABLE = YES;
				IPHONEOS_DEPLOYMENT_TARGET = 15.5;
				MTL_ENABLE_DEBUG_INFO = INCLUDE_SOURCE;
				MTL_FAST_MATH = YES;
				ONLY_ACTIVE_ARCH = YES;
				SDKROOT = iphoneos;
				SWIFT_ACTIVE_COMPILATION_CONDITIONS = DEBUG;
				SWIFT_OPTIMIZATION_LEVEL = "-Onone";
			};
			name = Debug;
		};
		A5D7460729880CE000C3F081 /* Release */ = {
			isa = XCBuildConfiguration;
			buildSettings = {
				ALWAYS_SEARCH_USER_PATHS = NO;
				CLANG_ANALYZER_NONNULL = YES;
				CLANG_ANALYZER_NUMBER_OBJECT_CONVERSION = YES_AGGRESSIVE;
				CLANG_CXX_LANGUAGE_STANDARD = "gnu++17";
				CLANG_ENABLE_MODULES = YES;
				CLANG_ENABLE_OBJC_ARC = YES;
				CLANG_ENABLE_OBJC_WEAK = YES;
				CLANG_WARN_BLOCK_CAPTURE_AUTORELEASING = YES;
				CLANG_WARN_BOOL_CONVERSION = YES;
				CLANG_WARN_COMMA = YES;
				CLANG_WARN_CONSTANT_CONVERSION = YES;
				CLANG_WARN_DEPRECATED_OBJC_IMPLEMENTATIONS = YES;
				CLANG_WARN_DIRECT_OBJC_ISA_USAGE = YES_ERROR;
				CLANG_WARN_DOCUMENTATION_COMMENTS = YES;
				CLANG_WARN_EMPTY_BODY = YES;
				CLANG_WARN_ENUM_CONVERSION = YES;
				CLANG_WARN_INFINITE_RECURSION = YES;
				CLANG_WARN_INT_CONVERSION = YES;
				CLANG_WARN_NON_LITERAL_NULL_CONVERSION = YES;
				CLANG_WARN_OBJC_IMPLICIT_RETAIN_SELF = YES;
				CLANG_WARN_OBJC_LITERAL_CONVERSION = YES;
				CLANG_WARN_OBJC_ROOT_CLASS = YES_ERROR;
				CLANG_WARN_QUOTED_INCLUDE_IN_FRAMEWORK_HEADER = YES;
				CLANG_WARN_RANGE_LOOP_ANALYSIS = YES;
				CLANG_WARN_STRICT_PROTOTYPES = YES;
				CLANG_WARN_SUSPICIOUS_MOVE = YES;
				CLANG_WARN_UNGUARDED_AVAILABILITY = YES_AGGRESSIVE;
				CLANG_WARN_UNREACHABLE_CODE = YES;
				CLANG_WARN__DUPLICATE_METHOD_MATCH = YES;
				COPY_PHASE_STRIP = NO;
				DEBUG_INFORMATION_FORMAT = "dwarf-with-dsym";
				ENABLE_NS_ASSERTIONS = NO;
				ENABLE_STRICT_OBJC_MSGSEND = YES;
				GCC_C_LANGUAGE_STANDARD = gnu11;
				GCC_NO_COMMON_BLOCKS = YES;
				GCC_WARN_64_TO_32_BIT_CONVERSION = YES;
				GCC_WARN_ABOUT_RETURN_TYPE = YES_ERROR;
				GCC_WARN_UNDECLARED_SELECTOR = YES;
				GCC_WARN_UNINITIALIZED_AUTOS = YES_AGGRESSIVE;
				GCC_WARN_UNUSED_FUNCTION = YES;
				GCC_WARN_UNUSED_VARIABLE = YES;
				IPHONEOS_DEPLOYMENT_TARGET = 15.5;
				MTL_ENABLE_DEBUG_INFO = NO;
				MTL_FAST_MATH = YES;
				SDKROOT = iphoneos;
				SWIFT_COMPILATION_MODE = wholemodule;
				SWIFT_OPTIMIZATION_LEVEL = "-O";
				VALIDATE_PRODUCT = YES;
			};
			name = Release;
		};
		A5D7460929880CE000C3F081 /* Debug */ = {
			isa = XCBuildConfiguration;
			baseConfigurationReference = 75316C58B154FABF67E160F8 /* Pods-MyShop.debug.xcconfig */;
			buildSettings = {
				ASSETCATALOG_COMPILER_APPICON_NAME = AppIcon;
				ASSETCATALOG_COMPILER_GLOBAL_ACCENT_COLOR_NAME = AccentColor;
				CODE_SIGN_STYLE = Automatic;
				CURRENT_PROJECT_VERSION = 1;
				DEVELOPMENT_TEAM = LT772WDFTX;
				GENERATE_INFOPLIST_FILE = YES;
				INFOPLIST_FILE = MyShop/Info.plist;
				INFOPLIST_KEY_UIApplicationSupportsIndirectInputEvents = YES;
				INFOPLIST_KEY_UILaunchStoryboardName = LaunchScreen;
				INFOPLIST_KEY_UISupportedInterfaceOrientations_iPad = "UIInterfaceOrientationPortrait UIInterfaceOrientationPortraitUpsideDown UIInterfaceOrientationLandscapeLeft UIInterfaceOrientationLandscapeRight";
				INFOPLIST_KEY_UISupportedInterfaceOrientations_iPhone = "UIInterfaceOrientationPortrait UIInterfaceOrientationLandscapeLeft UIInterfaceOrientationLandscapeRight";
				LD_RUNPATH_SEARCH_PATHS = (
					"$(inherited)",
					"@executable_path/Frameworks",
				);
				MARKETING_VERSION = 1.0;
				PRODUCT_BUNDLE_IDENTIFIER = sergeybindasov.MyShop;
				PRODUCT_NAME = "$(TARGET_NAME)";
				SWIFT_EMIT_LOC_STRINGS = YES;
				SWIFT_VERSION = 5.0;
				TARGETED_DEVICE_FAMILY = "1,2";
			};
			name = Debug;
		};
		A5D7460A29880CE000C3F081 /* Release */ = {
			isa = XCBuildConfiguration;
			baseConfigurationReference = C811B1B543D8D0F770637D57 /* Pods-MyShop.release.xcconfig */;
			buildSettings = {
				ASSETCATALOG_COMPILER_APPICON_NAME = AppIcon;
				ASSETCATALOG_COMPILER_GLOBAL_ACCENT_COLOR_NAME = AccentColor;
				CODE_SIGN_STYLE = Automatic;
				CURRENT_PROJECT_VERSION = 1;
				DEVELOPMENT_TEAM = LT772WDFTX;
				GENERATE_INFOPLIST_FILE = YES;
				INFOPLIST_FILE = MyShop/Info.plist;
				INFOPLIST_KEY_UIApplicationSupportsIndirectInputEvents = YES;
				INFOPLIST_KEY_UILaunchStoryboardName = LaunchScreen;
				INFOPLIST_KEY_UISupportedInterfaceOrientations_iPad = "UIInterfaceOrientationPortrait UIInterfaceOrientationPortraitUpsideDown UIInterfaceOrientationLandscapeLeft UIInterfaceOrientationLandscapeRight";
				INFOPLIST_KEY_UISupportedInterfaceOrientations_iPhone = "UIInterfaceOrientationPortrait UIInterfaceOrientationLandscapeLeft UIInterfaceOrientationLandscapeRight";
				LD_RUNPATH_SEARCH_PATHS = (
					"$(inherited)",
					"@executable_path/Frameworks",
				);
				MARKETING_VERSION = 1.0;
				PRODUCT_BUNDLE_IDENTIFIER = sergeybindasov.MyShop;
				PRODUCT_NAME = "$(TARGET_NAME)";
				SWIFT_EMIT_LOC_STRINGS = YES;
				SWIFT_VERSION = 5.0;
				TARGETED_DEVICE_FAMILY = "1,2";
			};
			name = Release;
		};
/* End XCBuildConfiguration section */

/* Begin XCConfigurationList section */
		A5D745EF29880CDE00C3F081 /* Build configuration list for PBXProject "MyShop" */ = {
			isa = XCConfigurationList;
			buildConfigurations = (
				A5D7460629880CE000C3F081 /* Debug */,
				A5D7460729880CE000C3F081 /* Release */,
			);
			defaultConfigurationIsVisible = 0;
			defaultConfigurationName = Release;
		};
		A5D7460829880CE000C3F081 /* Build configuration list for PBXNativeTarget "MyShop" */ = {
			isa = XCConfigurationList;
			buildConfigurations = (
				A5D7460929880CE000C3F081 /* Debug */,
				A5D7460A29880CE000C3F081 /* Release */,
			);
			defaultConfigurationIsVisible = 0;
			defaultConfigurationName = Release;
		};
/* End XCConfigurationList section */
	};
	rootObject = A5D745EC29880CDE00C3F081 /* Project object */;
}
