// !$*UTF8*$!
{
	archiveVersion = 1;
	classes = {
	};
	objectVersion = 55;
	objects = {

/* Begin PBXBuildFile section */
		A513D8B4299167D5004F8A31 /* MSOffersHeaderViewCell.swift in Sources */ = {isa = PBXBuildFile; fileRef = A513D8B3299167D5004F8A31 /* MSOffersHeaderViewCell.swift */; };
		A55E5001298D46C90050CBD6 /* MSCategoryViewController.swift in Sources */ = {isa = PBXBuildFile; fileRef = A55E5000298D46C80050CBD6 /* MSCategoryViewController.swift */; };
		A573FE9F298BDEF0003488C0 /* MSCatalogView.swift in Sources */ = {isa = PBXBuildFile; fileRef = A573FE9E298BDEEF003488C0 /* MSCatalogView.swift */; };
		A573FEA1298BDF1A003488C0 /* MSCatalogViewModel.swift in Sources */ = {isa = PBXBuildFile; fileRef = A573FEA0298BDF1A003488C0 /* MSCatalogViewModel.swift */; };
		A573FEA3298BDFCB003488C0 /* Extensions.swift in Sources */ = {isa = PBXBuildFile; fileRef = A573FEA2298BDFCB003488C0 /* Extensions.swift */; };
		A573FEA5298BED5D003488C0 /* MSPromoCollectionViewCell.swift in Sources */ = {isa = PBXBuildFile; fileRef = A573FEA4298BED5D003488C0 /* MSPromoCollectionViewCell.swift */; };
		A573FEAB298C0089003488C0 /* MSCategoriesCollectionViewCell.swift in Sources */ = {isa = PBXBuildFile; fileRef = A573FEAA298C0089003488C0 /* MSCategoriesCollectionViewCell.swift */; };
		A573FEAD298C0282003488C0 /* MSCategoriesCollectionViewCellViewModel.swift in Sources */ = {isa = PBXBuildFile; fileRef = A573FEAC298C0282003488C0 /* MSCategoriesCollectionViewCellViewModel.swift */; };
		A573FEAF298C2B79003488C0 /* AssetPics.swift in Sources */ = {isa = PBXBuildFile; fileRef = A573FEAE298C2B79003488C0 /* AssetPics.swift */; };
		A590AA582992FF1F00212C88 /* MSCategoryViewViewModel.swift in Sources */ = {isa = PBXBuildFile; fileRef = A590AA572992FF1F00212C88 /* MSCategoryViewViewModel.swift */; };
		A590AA5A2993C80600212C88 /* MSCategoryCollectionViewCellViewModel.swift in Sources */ = {isa = PBXBuildFile; fileRef = A590AA592993C80600212C88 /* MSCategoryCollectionViewCellViewModel.swift */; };
		A590AA5C2993CF0300212C88 /* MsProductsCollectionViewCell.swift in Sources */ = {isa = PBXBuildFile; fileRef = A590AA5B2993CF0300212C88 /* MsProductsCollectionViewCell.swift */; };
		A59B64E129917B4300B1A2B5 /* MSCatalogHeaderViewCell.swift in Sources */ = {isa = PBXBuildFile; fileRef = A59B64E029917B4300B1A2B5 /* MSCatalogHeaderViewCell.swift */; };
		A59B64E329917F9400B1A2B5 /* MSCategoryView.swift in Sources */ = {isa = PBXBuildFile; fileRef = A59B64E229917F9400B1A2B5 /* MSCategoryView.swift */; };
		A5D745F829880CDE00C3F081 /* AppDelegate.swift in Sources */ = {isa = PBXBuildFile; fileRef = A5D745F729880CDE00C3F081 /* AppDelegate.swift */; };
		A5D745FA29880CDE00C3F081 /* SceneDelegate.swift in Sources */ = {isa = PBXBuildFile; fileRef = A5D745F929880CDE00C3F081 /* SceneDelegate.swift */; };
		A5D745FC29880CDE00C3F081 /* MSTabBarViewController.swift in Sources */ = {isa = PBXBuildFile; fileRef = A5D745FB29880CDE00C3F081 /* MSTabBarViewController.swift */; };
		A5D7460129880CE000C3F081 /* Assets.xcassets in Resources */ = {isa = PBXBuildFile; fileRef = A5D7460029880CE000C3F081 /* Assets.xcassets */; };
		A5D7460429880CE000C3F081 /* LaunchScreen.storyboard in Resources */ = {isa = PBXBuildFile; fileRef = A5D7460229880CE000C3F081 /* LaunchScreen.storyboard */; };
		A5D746142988121E00C3F081 /* MSCatalogViewController.swift in Sources */ = {isa = PBXBuildFile; fileRef = A5D746132988121E00C3F081 /* MSCatalogViewController.swift */; };
		A5D746162988126A00C3F081 /* MSCartViewController.swift in Sources */ = {isa = PBXBuildFile; fileRef = A5D746152988126A00C3F081 /* MSCartViewController.swift */; };
		A5D746182988128B00C3F081 /* MSProfileViewController.swift in Sources */ = {isa = PBXBuildFile; fileRef = A5D746172988128B00C3F081 /* MSProfileViewController.swift */; };
		A5D7461A298817F300C3F081 /* MSProduct.swift in Sources */ = {isa = PBXBuildFile; fileRef = A5D74619298817F300C3F081 /* MSProduct.swift */; };
		A5D7461C29881C2B00C3F081 /* MSService.swift in Sources */ = {isa = PBXBuildFile; fileRef = A5D7461B29881C2B00C3F081 /* MSService.swift */; };
		A5D7461E29881CD100C3F081 /* MSRequest.swift in Sources */ = {isa = PBXBuildFile; fileRef = A5D7461D29881CD100C3F081 /* MSRequest.swift */; };
/* End PBXBuildFile section */

/* Begin PBXFileReference section */
		A513D8B3299167D5004F8A31 /* MSOffersHeaderViewCell.swift */ = {isa = PBXFileReference; lastKnownFileType = sourcecode.swift; path = MSOffersHeaderViewCell.swift; sourceTree = "<group>"; };
		A55E5000298D46C80050CBD6 /* MSCategoryViewController.swift */ = {isa = PBXFileReference; lastKnownFileType = sourcecode.swift; path = MSCategoryViewController.swift; sourceTree = "<group>"; };
		A573FE9E298BDEEF003488C0 /* MSCatalogView.swift */ = {isa = PBXFileReference; lastKnownFileType = sourcecode.swift; path = MSCatalogView.swift; sourceTree = "<group>"; };
		A573FEA0298BDF1A003488C0 /* MSCatalogViewModel.swift */ = {isa = PBXFileReference; lastKnownFileType = sourcecode.swift; path = MSCatalogViewModel.swift; sourceTree = "<group>"; };
		A573FEA2298BDFCB003488C0 /* Extensions.swift */ = {isa = PBXFileReference; lastKnownFileType = sourcecode.swift; path = Extensions.swift; sourceTree = "<group>"; };
		A573FEA4298BED5D003488C0 /* MSPromoCollectionViewCell.swift */ = {isa = PBXFileReference; lastKnownFileType = sourcecode.swift; path = MSPromoCollectionViewCell.swift; sourceTree = "<group>"; };
		A573FEAA298C0089003488C0 /* MSCategoriesCollectionViewCell.swift */ = {isa = PBXFileReference; lastKnownFileType = sourcecode.swift; path = MSCategoriesCollectionViewCell.swift; sourceTree = "<group>"; };
		A573FEAC298C0282003488C0 /* MSCategoriesCollectionViewCellViewModel.swift */ = {isa = PBXFileReference; lastKnownFileType = sourcecode.swift; path = MSCategoriesCollectionViewCellViewModel.swift; sourceTree = "<group>"; };
		A573FEAE298C2B79003488C0 /* AssetPics.swift */ = {isa = PBXFileReference; lastKnownFileType = sourcecode.swift; path = AssetPics.swift; sourceTree = "<group>"; };
		A590AA572992FF1F00212C88 /* MSCategoryViewViewModel.swift */ = {isa = PBXFileReference; lastKnownFileType = sourcecode.swift; path = MSCategoryViewViewModel.swift; sourceTree = "<group>"; };
		A590AA592993C80600212C88 /* MSCategoryCollectionViewCellViewModel.swift */ = {isa = PBXFileReference; lastKnownFileType = sourcecode.swift; path = MSCategoryCollectionViewCellViewModel.swift; sourceTree = "<group>"; };
		A590AA5B2993CF0300212C88 /* MsProductsCollectionViewCell.swift */ = {isa = PBXFileReference; lastKnownFileType = sourcecode.swift; path = MsProductsCollectionViewCell.swift; sourceTree = "<group>"; };
		A59B64E029917B4300B1A2B5 /* MSCatalogHeaderViewCell.swift */ = {isa = PBXFileReference; lastKnownFileType = sourcecode.swift; path = MSCatalogHeaderViewCell.swift; sourceTree = "<group>"; };
		A59B64E229917F9400B1A2B5 /* MSCategoryView.swift */ = {isa = PBXFileReference; lastKnownFileType = sourcecode.swift; path = MSCategoryView.swift; sourceTree = "<group>"; };
		A5D745F429880CDE00C3F081 /* MyShop.app */ = {isa = PBXFileReference; explicitFileType = wrapper.application; includeInIndex = 0; path = MyShop.app; sourceTree = BUILT_PRODUCTS_DIR; };
		A5D745F729880CDE00C3F081 /* AppDelegate.swift */ = {isa = PBXFileReference; lastKnownFileType = sourcecode.swift; path = AppDelegate.swift; sourceTree = "<group>"; };
		A5D745F929880CDE00C3F081 /* SceneDelegate.swift */ = {isa = PBXFileReference; lastKnownFileType = sourcecode.swift; path = SceneDelegate.swift; sourceTree = "<group>"; };
		A5D745FB29880CDE00C3F081 /* MSTabBarViewController.swift */ = {isa = PBXFileReference; lastKnownFileType = sourcecode.swift; path = MSTabBarViewController.swift; sourceTree = "<group>"; };
		A5D7460029880CE000C3F081 /* Assets.xcassets */ = {isa = PBXFileReference; lastKnownFileType = folder.assetcatalog; path = Assets.xcassets; sourceTree = "<group>"; };
		A5D7460329880CE000C3F081 /* Base */ = {isa = PBXFileReference; lastKnownFileType = file.storyboard; name = Base; path = Base.lproj/LaunchScreen.storyboard; sourceTree = "<group>"; };
		A5D7460529880CE000C3F081 /* Info.plist */ = {isa = PBXFileReference; lastKnownFileType = text.plist.xml; path = Info.plist; sourceTree = "<group>"; };
		A5D746132988121E00C3F081 /* MSCatalogViewController.swift */ = {isa = PBXFileReference; lastKnownFileType = sourcecode.swift; path = MSCatalogViewController.swift; sourceTree = "<group>"; };
		A5D746152988126A00C3F081 /* MSCartViewController.swift */ = {isa = PBXFileReference; lastKnownFileType = sourcecode.swift; path = MSCartViewController.swift; sourceTree = "<group>"; };
		A5D746172988128B00C3F081 /* MSProfileViewController.swift */ = {isa = PBXFileReference; lastKnownFileType = sourcecode.swift; path = MSProfileViewController.swift; sourceTree = "<group>"; };
		A5D74619298817F300C3F081 /* MSProduct.swift */ = {isa = PBXFileReference; lastKnownFileType = sourcecode.swift; path = MSProduct.swift; sourceTree = "<group>"; };
		A5D7461B29881C2B00C3F081 /* MSService.swift */ = {isa = PBXFileReference; lastKnownFileType = sourcecode.swift; path = MSService.swift; sourceTree = "<group>"; };
		A5D7461D29881CD100C3F081 /* MSRequest.swift */ = {isa = PBXFileReference; lastKnownFileType = sourcecode.swift; path = MSRequest.swift; sourceTree = "<group>"; };
/* End PBXFileReference section */

/* Begin PBXFrameworksBuildPhase section */
		A5D745F129880CDE00C3F081 /* Frameworks */ = {
			isa = PBXFrameworksBuildPhase;
			buildActionMask = 2147483647;
			files = (
			);
			runOnlyForDeploymentPostprocessing = 0;
		};
/* End PBXFrameworksBuildPhase section */

/* Begin PBXGroup section */
		A513D8B22991679C004F8A31 /* Headers */ = {
			isa = PBXGroup;
			children = (
				A513D8B3299167D5004F8A31 /* MSOffersHeaderViewCell.swift */,
				A59B64E029917B4300B1A2B5 /* MSCatalogHeaderViewCell.swift */,
			);
			path = Headers;
			sourceTree = "<group>";
		};
		A55E4FFF298D46860050CBD6 /* MSCatalogFlow */ = {
			isa = PBXGroup;
			children = (
				A55E5000298D46C80050CBD6 /* MSCategoryViewController.swift */,
			);
			path = MSCatalogFlow;
			sourceTree = "<group>";
		};
		A5D745EB29880CDE00C3F081 = {
			isa = PBXGroup;
			children = (
				A5D745F629880CDE00C3F081 /* MyShop */,
				A5D745F529880CDE00C3F081 /* Products */,
			);
			sourceTree = "<group>";
		};
		A5D745F529880CDE00C3F081 /* Products */ = {
			isa = PBXGroup;
			children = (
				A5D745F429880CDE00C3F081 /* MyShop.app */,
			);
			name = Products;
			sourceTree = "<group>";
		};
		A5D745F629880CDE00C3F081 /* MyShop */ = {
			isa = PBXGroup;
			children = (
				A5D746112988108900C3F081 /* APIClient */,
				A5D746102988108400C3F081 /* Managers */,
				A5D7460F2988106D00C3F081 /* Resources */,
				A5D7460E2988104C00C3F081 /* Models */,
				A5D7460D2988104500C3F081 /* ViewModels */,
				A5D7460C2988103800C3F081 /* Views */,
				A5D7460B2988102C00C3F081 /* Controllers */,
				A5D7460529880CE000C3F081 /* Info.plist */,
			);
			path = MyShop;
			sourceTree = "<group>";
		};
		A5D7460B2988102C00C3F081 /* Controllers */ = {
			isa = PBXGroup;
			children = (
				A5D746122988110900C3F081 /* Core */,
			);
			path = Controllers;
			sourceTree = "<group>";
		};
		A5D7460C2988103800C3F081 /* Views */ = {
			isa = PBXGroup;
			children = (
				A513D8B22991679C004F8A31 /* Headers */,
				A5D7460229880CE000C3F081 /* LaunchScreen.storyboard */,
				A573FE9E298BDEEF003488C0 /* MSCatalogView.swift */,
				A573FEA4298BED5D003488C0 /* MSPromoCollectionViewCell.swift */,
				A573FEAA298C0089003488C0 /* MSCategoriesCollectionViewCell.swift */,
				A59B64E229917F9400B1A2B5 /* MSCategoryView.swift */,
				A590AA5B2993CF0300212C88 /* MsProductsCollectionViewCell.swift */,
			);
			path = Views;
			sourceTree = "<group>";
		};
		A5D7460D2988104500C3F081 /* ViewModels */ = {
			isa = PBXGroup;
			children = (
				A573FEA0298BDF1A003488C0 /* MSCatalogViewModel.swift */,
				A573FEAC298C0282003488C0 /* MSCategoriesCollectionViewCellViewModel.swift */,
				A590AA572992FF1F00212C88 /* MSCategoryViewViewModel.swift */,
				A590AA592993C80600212C88 /* MSCategoryCollectionViewCellViewModel.swift */,
			);
			path = ViewModels;
			sourceTree = "<group>";
		};
		A5D7460E2988104C00C3F081 /* Models */ = {
			isa = PBXGroup;
			children = (
				A5D74619298817F300C3F081 /* MSProduct.swift */,
			);
			path = Models;
			sourceTree = "<group>";
		};
		A5D7460F2988106D00C3F081 /* Resources */ = {
			isa = PBXGroup;
			children = (
				A5D7460029880CE000C3F081 /* Assets.xcassets */,
				A5D745F729880CDE00C3F081 /* AppDelegate.swift */,
				A5D745F929880CDE00C3F081 /* SceneDelegate.swift */,
				A573FEA2298BDFCB003488C0 /* Extensions.swift */,
				A573FEAE298C2B79003488C0 /* AssetPics.swift */,
			);
			path = Resources;
			sourceTree = "<group>";
		};
		A5D746102988108400C3F081 /* Managers */ = {
			isa = PBXGroup;
			children = (
			);
			path = Managers;
			sourceTree = "<group>";
		};
		A5D746112988108900C3F081 /* APIClient */ = {
			isa = PBXGroup;
			children = (
				A5D7461B29881C2B00C3F081 /* MSService.swift */,
				A5D7461D29881CD100C3F081 /* MSRequest.swift */,
			);
			path = APIClient;
			sourceTree = "<group>";
		};
		A5D746122988110900C3F081 /* Core */ = {
			isa = PBXGroup;
			children = (
				A55E4FFF298D46860050CBD6 /* MSCatalogFlow */,
				A5D745FB29880CDE00C3F081 /* MSTabBarViewController.swift */,
				A5D746132988121E00C3F081 /* MSCatalogViewController.swift */,
				A5D746152988126A00C3F081 /* MSCartViewController.swift */,
				A5D746172988128B00C3F081 /* MSProfileViewController.swift */,
			);
			path = Core;
			sourceTree = "<group>";
		};
/* End PBXGroup section */

/* Begin PBXNativeTarget section */
		A5D745F329880CDE00C3F081 /* MyShop */ = {
			isa = PBXNativeTarget;
			buildConfigurationList = A5D7460829880CE000C3F081 /* Build configuration list for PBXNativeTarget "MyShop" */;
			buildPhases = (
				A5D745F029880CDE00C3F081 /* Sources */,
				A5D745F129880CDE00C3F081 /* Frameworks */,
				A5D745F229880CDE00C3F081 /* Resources */,
			);
			buildRules = (
			);
			dependencies = (
			);
			name = MyShop;
			productName = MyShop;
			productReference = A5D745F429880CDE00C3F081 /* MyShop.app */;
			productType = "com.apple.product-type.application";
		};
/* End PBXNativeTarget section */

/* Begin PBXProject section */
		A5D745EC29880CDE00C3F081 /* Project object */ = {
			isa = PBXProject;
			attributes = {
				BuildIndependentTargetsInParallel = 1;
				LastSwiftUpdateCheck = 1340;
				LastUpgradeCheck = 1340;
				TargetAttributes = {
					A5D745F329880CDE00C3F081 = {
						CreatedOnToolsVersion = 13.4.1;
					};
				};
			};
			buildConfigurationList = A5D745EF29880CDE00C3F081 /* Build configuration list for PBXProject "MyShop" */;
			compatibilityVersion = "Xcode 13.0";
			developmentRegion = en;
			hasScannedForEncodings = 0;
			knownRegions = (
				en,
				Base,
			);
			mainGroup = A5D745EB29880CDE00C3F081;
			productRefGroup = A5D745F529880CDE00C3F081 /* Products */;
			projectDirPath = "";
			projectRoot = "";
			targets = (
				A5D745F329880CDE00C3F081 /* MyShop */,
			);
		};
/* End PBXProject section */

/* Begin PBXResourcesBuildPhase section */
		A5D745F229880CDE00C3F081 /* Resources */ = {
			isa = PBXResourcesBuildPhase;
			buildActionMask = 2147483647;
			files = (
				A5D7460429880CE000C3F081 /* LaunchScreen.storyboard in Resources */,
				A5D7460129880CE000C3F081 /* Assets.xcassets in Resources */,
			);
			runOnlyForDeploymentPostprocessing = 0;
		};
/* End PBXResourcesBuildPhase section */

/* Begin PBXSourcesBuildPhase section */
		A5D745F029880CDE00C3F081 /* Sources */ = {
			isa = PBXSourcesBuildPhase;
			buildActionMask = 2147483647;
			files = (
				A573FEA5298BED5D003488C0 /* MSPromoCollectionViewCell.swift in Sources */,
				A573FEAD298C0282003488C0 /* MSCategoriesCollectionViewCellViewModel.swift in Sources */,
				A5D745FC29880CDE00C3F081 /* MSTabBarViewController.swift in Sources */,
				A513D8B4299167D5004F8A31 /* MSOffersHeaderViewCell.swift in Sources */,
				A5D745F829880CDE00C3F081 /* AppDelegate.swift in Sources */,
				A5D746162988126A00C3F081 /* MSCartViewController.swift in Sources */,
				A5D7461C29881C2B00C3F081 /* MSService.swift in Sources */,
				A5D746142988121E00C3F081 /* MSCatalogViewController.swift in Sources */,
				A590AA5C2993CF0300212C88 /* MsProductsCollectionViewCell.swift in Sources */,
				A5D746182988128B00C3F081 /* MSProfileViewController.swift in Sources */,
				A573FEA1298BDF1A003488C0 /* MSCatalogViewModel.swift in Sources */,
				A590AA5A2993C80600212C88 /* MSCategoryCollectionViewCellViewModel.swift in Sources */,
				A573FEA3298BDFCB003488C0 /* Extensions.swift in Sources */,
				A5D7461E29881CD100C3F081 /* MSRequest.swift in Sources */,
				A573FEAF298C2B79003488C0 /* AssetPics.swift in Sources */,
				A5D745FA29880CDE00C3F081 /* SceneDelegate.swift in Sources */,
				A59B64E129917B4300B1A2B5 /* MSCatalogHeaderViewCell.swift in Sources */,
				A590AA582992FF1F00212C88 /* MSCategoryViewViewModel.swift in Sources */,
				A59B64E329917F9400B1A2B5 /* MSCategoryView.swift in Sources */,
				A573FEAB298C0089003488C0 /* MSCategoriesCollectionViewCell.swift in Sources */,
				A573FE9F298BDEF0003488C0 /* MSCatalogView.swift in Sources */,
				A55E5001298D46C90050CBD6 /* MSCategoryViewController.swift in Sources */,
				A5D7461A298817F300C3F081 /* MSProduct.swift in Sources */,
			);
			runOnlyForDeploymentPostprocessing = 0;
		};
/* End PBXSourcesBuildPhase section */

/* Begin PBXVariantGroup section */
		A5D7460229880CE000C3F081 /* LaunchScreen.storyboard */ = {
			isa = PBXVariantGroup;
			children = (
				A5D7460329880CE000C3F081 /* Base */,
			);
			name = LaunchScreen.storyboard;
			sourceTree = "<group>";
		};
/* End PBXVariantGroup section */

/* Begin XCBuildConfiguration section */
		A5D7460629880CE000C3F081 /* Debug */ = {
			isa = XCBuildConfiguration;
			buildSettings = {
				ALWAYS_SEARCH_USER_PATHS = NO;
				CLANG_ANALYZER_NONNULL = YES;
				CLANG_ANALYZER_NUMBER_OBJECT_CONVERSION = YES_AGGRESSIVE;
				CLANG_CXX_LANGUAGE_STANDARD = "gnu++17";
				CLANG_ENABLE_MODULES = YES;
				CLANG_ENABLE_OBJC_ARC = YES;
				CLANG_ENABLE_OBJC_WEAK = YES;
				CLANG_WARN_BLOCK_CAPTURE_AUTORELEASING = YES;
				CLANG_WARN_BOOL_CONVERSION = YES;
				CLANG_WARN_COMMA = YES;
				CLANG_WARN_CONSTANT_CONVERSION = YES;
				CLANG_WARN_DEPRECATED_OBJC_IMPLEMENTATIONS = YES;
				CLANG_WARN_DIRECT_OBJC_ISA_USAGE = YES_ERROR;
				CLANG_WARN_DOCUMENTATION_COMMENTS = YES;
				CLANG_WARN_EMPTY_BODY = YES;
				CLANG_WARN_ENUM_CONVERSION = YES;
				CLANG_WARN_INFINITE_RECURSION = YES;
				CLANG_WARN_INT_CONVERSION = YES;
				CLANG_WARN_NON_LITERAL_NULL_CONVERSION = YES;
				CLANG_WARN_OBJC_IMPLICIT_RETAIN_SELF = YES;
				CLANG_WARN_OBJC_LITERAL_CONVERSION = YES;
				CLANG_WARN_OBJC_ROOT_CLASS = YES_ERROR;
				CLANG_WARN_QUOTED_INCLUDE_IN_FRAMEWORK_HEADER = YES;
				CLANG_WARN_RANGE_LOOP_ANALYSIS = YES;
				CLANG_WARN_STRICT_PROTOTYPES = YES;
				CLANG_WARN_SUSPICIOUS_MOVE = YES;
				CLANG_WARN_UNGUARDED_AVAILABILITY = YES_AGGRESSIVE;
				CLANG_WARN_UNREACHABLE_CODE = YES;
				CLANG_WARN__DUPLICATE_METHOD_MATCH = YES;
				COPY_PHASE_STRIP = NO;
				DEBUG_INFORMATION_FORMAT = dwarf;
				ENABLE_STRICT_OBJC_MSGSEND = YES;
				ENABLE_TESTABILITY = YES;
				GCC_C_LANGUAGE_STANDARD = gnu11;
				GCC_DYNAMIC_NO_PIC = NO;
				GCC_NO_COMMON_BLOCKS = YES;
				GCC_OPTIMIZATION_LEVEL = 0;
				GCC_PREPROCESSOR_DEFINITIONS = (
					"DEBUG=1",
					"$(inherited)",
				);
				GCC_WARN_64_TO_32_BIT_CONVERSION = YES;
				GCC_WARN_ABOUT_RETURN_TYPE = YES_ERROR;
				GCC_WARN_UNDECLARED_SELECTOR = YES;
				GCC_WARN_UNINITIALIZED_AUTOS = YES_AGGRESSIVE;
				GCC_WARN_UNUSED_FUNCTION = YES;
				GCC_WARN_UNUSED_VARIABLE = YES;
				IPHONEOS_DEPLOYMENT_TARGET = 15.5;
				MTL_ENABLE_DEBUG_INFO = INCLUDE_SOURCE;
				MTL_FAST_MATH = YES;
				ONLY_ACTIVE_ARCH = YES;
				SDKROOT = iphoneos;
				SWIFT_ACTIVE_COMPILATION_CONDITIONS = DEBUG;
				SWIFT_OPTIMIZATION_LEVEL = "-Onone";
			};
			name = Debug;
		};
		A5D7460729880CE000C3F081 /* Release */ = {
			isa = XCBuildConfiguration;
			buildSettings = {
				ALWAYS_SEARCH_USER_PATHS = NO;
				CLANG_ANALYZER_NONNULL = YES;
				CLANG_ANALYZER_NUMBER_OBJECT_CONVERSION = YES_AGGRESSIVE;
				CLANG_CXX_LANGUAGE_STANDARD = "gnu++17";
				CLANG_ENABLE_MODULES = YES;
				CLANG_ENABLE_OBJC_ARC = YES;
				CLANG_ENABLE_OBJC_WEAK = YES;
				CLANG_WARN_BLOCK_CAPTURE_AUTORELEASING = YES;
				CLANG_WARN_BOOL_CONVERSION = YES;
				CLANG_WARN_COMMA = YES;
				CLANG_WARN_CONSTANT_CONVERSION = YES;
				CLANG_WARN_DEPRECATED_OBJC_IMPLEMENTATIONS = YES;
				CLANG_WARN_DIRECT_OBJC_ISA_USAGE = YES_ERROR;
				CLANG_WARN_DOCUMENTATION_COMMENTS = YES;
				CLANG_WARN_EMPTY_BODY = YES;
				CLANG_WARN_ENUM_CONVERSION = YES;
				CLANG_WARN_INFINITE_RECURSION = YES;
				CLANG_WARN_INT_CONVERSION = YES;
				CLANG_WARN_NON_LITERAL_NULL_CONVERSION = YES;
				CLANG_WARN_OBJC_IMPLICIT_RETAIN_SELF = YES;
				CLANG_WARN_OBJC_LITERAL_CONVERSION = YES;
				CLANG_WARN_OBJC_ROOT_CLASS = YES_ERROR;
				CLANG_WARN_QUOTED_INCLUDE_IN_FRAMEWORK_HEADER = YES;
				CLANG_WARN_RANGE_LOOP_ANALYSIS = YES;
				CLANG_WARN_STRICT_PROTOTYPES = YES;
				CLANG_WARN_SUSPICIOUS_MOVE = YES;
				CLANG_WARN_UNGUARDED_AVAILABILITY = YES_AGGRESSIVE;
				CLANG_WARN_UNREACHABLE_CODE = YES;
				CLANG_WARN__DUPLICATE_METHOD_MATCH = YES;
				COPY_PHASE_STRIP = NO;
				DEBUG_INFORMATION_FORMAT = "dwarf-with-dsym";
				ENABLE_NS_ASSERTIONS = NO;
				ENABLE_STRICT_OBJC_MSGSEND = YES;
				GCC_C_LANGUAGE_STANDARD = gnu11;
				GCC_NO_COMMON_BLOCKS = YES;
				GCC_WARN_64_TO_32_BIT_CONVERSION = YES;
				GCC_WARN_ABOUT_RETURN_TYPE = YES_ERROR;
				GCC_WARN_UNDECLARED_SELECTOR = YES;
				GCC_WARN_UNINITIALIZED_AUTOS = YES_AGGRESSIVE;
				GCC_WARN_UNUSED_FUNCTION = YES;
				GCC_WARN_UNUSED_VARIABLE = YES;
				IPHONEOS_DEPLOYMENT_TARGET = 15.5;
				MTL_ENABLE_DEBUG_INFO = NO;
				MTL_FAST_MATH = YES;
				SDKROOT = iphoneos;
				SWIFT_COMPILATION_MODE = wholemodule;
				SWIFT_OPTIMIZATION_LEVEL = "-O";
				VALIDATE_PRODUCT = YES;
			};
			name = Release;
		};
		A5D7460929880CE000C3F081 /* Debug */ = {
			isa = XCBuildConfiguration;
			buildSettings = {
				ASSETCATALOG_COMPILER_APPICON_NAME = AppIcon;
				ASSETCATALOG_COMPILER_GLOBAL_ACCENT_COLOR_NAME = AccentColor;
				CODE_SIGN_STYLE = Automatic;
				CURRENT_PROJECT_VERSION = 1;
				DEVELOPMENT_TEAM = LT772WDFTX;
				GENERATE_INFOPLIST_FILE = YES;
				INFOPLIST_FILE = MyShop/Info.plist;
				INFOPLIST_KEY_UIApplicationSupportsIndirectInputEvents = YES;
				INFOPLIST_KEY_UILaunchStoryboardName = LaunchScreen;
				INFOPLIST_KEY_UISupportedInterfaceOrientations_iPad = "UIInterfaceOrientationPortrait UIInterfaceOrientationPortraitUpsideDown UIInterfaceOrientationLandscapeLeft UIInterfaceOrientationLandscapeRight";
				INFOPLIST_KEY_UISupportedInterfaceOrientations_iPhone = "UIInterfaceOrientationPortrait UIInterfaceOrientationLandscapeLeft UIInterfaceOrientationLandscapeRight";
				LD_RUNPATH_SEARCH_PATHS = (
					"$(inherited)",
					"@executable_path/Frameworks",
				);
				MARKETING_VERSION = 1.0;
				PRODUCT_BUNDLE_IDENTIFIER = sergeybindasov.MyShop;
				PRODUCT_NAME = "$(TARGET_NAME)";
				SWIFT_EMIT_LOC_STRINGS = YES;
				SWIFT_VERSION = 5.0;
				TARGETED_DEVICE_FAMILY = "1,2";
			};
			name = Debug;
		};
		A5D7460A29880CE000C3F081 /* Release */ = {
			isa = XCBuildConfiguration;
			buildSettings = {
				ASSETCATALOG_COMPILER_APPICON_NAME = AppIcon;
				ASSETCATALOG_COMPILER_GLOBAL_ACCENT_COLOR_NAME = AccentColor;
				CODE_SIGN_STYLE = Automatic;
				CURRENT_PROJECT_VERSION = 1;
				DEVELOPMENT_TEAM = LT772WDFTX;
				GENERATE_INFOPLIST_FILE = YES;
				INFOPLIST_FILE = MyShop/Info.plist;
				INFOPLIST_KEY_UIApplicationSupportsIndirectInputEvents = YES;
				INFOPLIST_KEY_UILaunchStoryboardName = LaunchScreen;
				INFOPLIST_KEY_UISupportedInterfaceOrientations_iPad = "UIInterfaceOrientationPortrait UIInterfaceOrientationPortraitUpsideDown UIInterfaceOrientationLandscapeLeft UIInterfaceOrientationLandscapeRight";
				INFOPLIST_KEY_UISupportedInterfaceOrientations_iPhone = "UIInterfaceOrientationPortrait UIInterfaceOrientationLandscapeLeft UIInterfaceOrientationLandscapeRight";
				LD_RUNPATH_SEARCH_PATHS = (
					"$(inherited)",
					"@executable_path/Frameworks",
				);
				MARKETING_VERSION = 1.0;
				PRODUCT_BUNDLE_IDENTIFIER = sergeybindasov.MyShop;
				PRODUCT_NAME = "$(TARGET_NAME)";
				SWIFT_EMIT_LOC_STRINGS = YES;
				SWIFT_VERSION = 5.0;
				TARGETED_DEVICE_FAMILY = "1,2";
			};
			name = Release;
		};
/* End XCBuildConfiguration section */

/* Begin XCConfigurationList section */
		A5D745EF29880CDE00C3F081 /* Build configuration list for PBXProject "MyShop" */ = {
			isa = XCConfigurationList;
			buildConfigurations = (
				A5D7460629880CE000C3F081 /* Debug */,
				A5D7460729880CE000C3F081 /* Release */,
			);
			defaultConfigurationIsVisible = 0;
			defaultConfigurationName = Release;
		};
		A5D7460829880CE000C3F081 /* Build configuration list for PBXNativeTarget "MyShop" */ = {
			isa = XCConfigurationList;
			buildConfigurations = (
				A5D7460929880CE000C3F081 /* Debug */,
				A5D7460A29880CE000C3F081 /* Release */,
			);
			defaultConfigurationIsVisible = 0;
			defaultConfigurationName = Release;
		};
/* End XCConfigurationList section */
	};
	rootObject = A5D745EC29880CDE00C3F081 /* Project object */;
}
